{
  "name": "calculator-server",
  "version": "1.0.0",
  "lockfileVersion": 3,
  "requires": true,
  "packages": {
    "": {
      "name": "calculator-server",
      "version": "1.0.0",
      "license": "MIT",
      "dependencies": {
        "calculator-server": "^1.0.0"
      }
    },
    "node_modules/calculator-server": {
      "version": "1.0.0",
      "resolved": "https://registry.npmjs.org/calculator-server/-/calculator-server-1.0.0.tgz",
      "integrity": "sha512-nihvzNCKU83GWqTCrivtAQY2eLu8lnqrqiuPPGb6d4XpfvFTYdQA6ecJ0Or7UaQakt2Uv3/yPWQjrKMQ1aEpYw==",
      "license": "MIT"
    }
  }
}
